{
  "requires": true,
  "lockfileVersion": 1,
  "dependencies": {
    "highcharts": {
      "version": "9.1.1",
      "resolved": "https://registry.npmjs.org/highcharts/-/highcharts-9.1.1.tgz",
      "integrity": "sha512-dNkUIJUNMh/G2TxQxxlQeILVs9tXiXQRxVkNGU9SLCh2zB2jcjJ7aQdgA0k7PFTEvDVUHphumZ301sHkDS7/pg=="
    },
    "jquery": {
      "version": "3.6.0",
      "resolved": "https://registry.npmjs.org/jquery/-/jquery-3.6.0.tgz",
      "integrity": "sha512-JVzAR/AjBvVt2BmYhxRCSYysDsPcssdmTFnzyLEts9qNwmjmu4JTAMYubEfwVOSwpQ1I1sKKFcxhZCI2buerfw=="
    }
  }
}
